
Microsoft Visual Studio Solution File, Format Version 12.00
# Visual Studio Version 17
VisualStudioVersion = 17.13.35825.156 d17.13
MinimumVisualStudioVersion = 10.0.40219.1
Project("{2150E333-8FDC-42A3-9474-1A3956D46DE8}") = "src", "src", "{02EA681E-C7D8-13C7-8484-4AC65E1B71E8}"
EndProject
Project("{FAE04EC0-301F-11D3-BF4B-00C04F79EFBC}") = "GestionDocente.Domain", "GestionDocente.Domain\GestionDocente.Domain.csproj", "{7750B05D-EA85-422E-A438-6FE5AFE55E6C}"
EndProject
Project("{FAE04EC0-301F-11D3-BF4B-00C04F79EFBC}") = "GestionDocente.Application", "GestionDocente.Application\GestionDocente.Application.csproj", "{3D09D738-0BAB-466E-9D2A-159465CFE33A}"
EndProject
Project("{FAE04EC0-301F-11D3-BF4B-00C04F79EFBC}") = "GestionDocente.Infrastructure", "GestionDocente.Infrastructure\GestionDocente.Infrastructure.csproj", "{F0044398-1556-4988-A142-EDEE9495A96A}"
EndProject
Project("{FAE04EC0-301F-11D3-BF4B-00C04F79EFBC}") = "GestionDocente.API", "GestionDocente.API\GestionDocente.API.csproj", "{11EEA8CC-FD75-4725-8DD4-7D0BEC26FCBD}"
EndProject
Global
	GlobalSection(SolutionConfigurationPlatforms) = preSolution
		Debug|Any CPU = Debug|Any CPU
		Release|Any CPU = Release|Any CPU
	EndGlobalSection
	GlobalSection(ProjectConfigurationPlatforms) = postSolution
		{7750B05D-EA85-422E-A438-6FE5AFE55E6C}.Debug|Any CPU.ActiveCfg = Debug|Any CPU
		{7750B05D-EA85-422E-A438-6FE5AFE55E6C}.Debug|Any CPU.Build.0 = Debug|Any CPU
		{7750B05D-EA85-422E-A438-6FE5AFE55E6C}.Release|Any CPU.ActiveCfg = Release|Any CPU
		{7750B05D-EA85-422E-A438-6FE5AFE55E6C}.Release|Any CPU.Build.0 = Release|Any CPU
		{3D09D738-0BAB-466E-9D2A-159465CFE33A}.Debug|Any CPU.ActiveCfg = Debug|Any CPU
		{3D09D738-0BAB-466E-9D2A-159465CFE33A}.Debug|Any CPU.Build.0 = Debug|Any CPU
		{3D09D738-0BAB-466E-9D2A-159465CFE33A}.Release|Any CPU.ActiveCfg = Release|Any CPU
		{3D09D738-0BAB-466E-9D2A-159465CFE33A}.Release|Any CPU.Build.0 = Release|Any CPU
		{F0044398-1556-4988-A142-EDEE9495A96A}.Debug|Any CPU.ActiveCfg = Debug|Any CPU
		{F0044398-1556-4988-A142-EDEE9495A96A}.Debug|Any CPU.Build.0 = Debug|Any CPU
		{F0044398-1556-4988-A142-EDEE9495A96A}.Release|Any CPU.ActiveCfg = Release|Any CPU
		{F0044398-1556-4988-A142-EDEE9495A96A}.Release|Any CPU.Build.0 = Release|Any CPU
		{11EEA8CC-FD75-4725-8DD4-7D0BEC26FCBD}.Debug|Any CPU.ActiveCfg = Debug|Any CPU
		{11EEA8CC-FD75-4725-8DD4-7D0BEC26FCBD}.Debug|Any CPU.Build.0 = Debug|Any CPU
		{11EEA8CC-FD75-4725-8DD4-7D0BEC26FCBD}.Release|Any CPU.ActiveCfg = Release|Any CPU
		{11EEA8CC-FD75-4725-8DD4-7D0BEC26FCBD}.Release|Any CPU.Build.0 = Release|Any CPU
	EndGlobalSection
	GlobalSection(SolutionProperties) = preSolution
		HideSolutionNode = FALSE
	EndGlobalSection
	GlobalSection(NestedProjects) = preSolution
		{7750B05D-EA85-422E-A438-6FE5AFE55E6C} = {02EA681E-C7D8-13C7-8484-4AC65E1B71E8}
		{3D09D738-0BAB-466E-9D2A-159465CFE33A} = {02EA681E-C7D8-13C7-8484-4AC65E1B71E8}
		{F0044398-1556-4988-A142-EDEE9495A96A} = {02EA681E-C7D8-13C7-8484-4AC65E1B71E8}
		{11EEA8CC-FD75-4725-8DD4-7D0BEC26FCBD} = {02EA681E-C7D8-13C7-8484-4AC65E1B71E8}
	EndGlobalSection
	GlobalSection(ExtensibilityGlobals) = postSolution
		SolutionGuid = {A25C806C-F657-4774-9CF5-63FE975FDC2A}
	EndGlobalSection
EndGlobal
